{
  "name": "st-universe-core-realtime",
  "lockfileVersion": 3,
  "requires": true,
  "packages": {
    "": {
      "name": "st-universe-core-realtime",
      "dependencies": {
        "redis": "^6.0.0",
        "ws": "^8.18.0"
      }
    },
    "node_modules/cluster-key-slot": {
      "version": "1.1.2",
      "resolved": "https://registry.npmjs.org/cluster-key-slot/-/cluster-key-slot-1.1.2.tgz",
      "integrity": "sha512-RMr0FhtfXemyinomL4hrWcYJxmX6deFdCxpJzhDttxgO1+bcCnkk+9drydLVDmAMG7NE6aN/fl4F7ucU/90gAA==",
      "license": "Apache-2.0",
      "engines": {
        "node": ">=0.10.0"
      }
    },
    "node_modules/redis": {
      "version": "6.2.0",
      "resolved": "https://registry.npmjs.org/redis/-/redis-6.2.0.tgz",
      "integrity": "sha512-BShYVyT0Gx67CE80xry5XroSSv6Vxr60yKs0HRiBbUc7kHm+bY7gvSDBBgTjuiV/reWKeZWLyA1ebC5z359wRQ==",
      "license": "MIT",
      "dependencies": {
        "@redis/bloom": "6.2.0",
        "@redis/client": "6.2.0",
        "@redis/json": "6.2.0",
        "@redis/search": "6.2.0",
        "@redis/time-series": "6.2.0"
      },
      "engines": {
        "node": ">= 20.0.0"
      }
    },
    "node_modules/redis/node_modules/@redis/bloom": {
      "version": "6.2.0",
      "resolved": "https://registry.npmjs.org/@redis/bloom/-/bloom-6.2.0.tgz",
      "integrity": "sha512-ggQvzpeCKnybwUrEiMVVtE1Np4vWnRfpeAaIP2MdZiVw7PHOhJrF4cONVuLRn1TkMi6ehp2OPjTOMK+8XmiQSQ==",
      "license": "MIT",
      "engines": {
        "node": ">= 20.0.0"
      },
      "peerDependencies": {
        "@redis/client": "^6.2.0"
      }
    },
    "node_modules/redis/node_modules/@redis/client": {
      "version": "6.2.0",
      "resolved": "https://registry.npmjs.org/@redis/client/-/client-6.2.0.tgz",
      "integrity": "sha512-HHszna68MTBRiDZV3Wo2wANH7Z5v/nuh+ZyCAGBce0PS8tDcg1/yzZ1vqbKbUyTdz1wB54kqZxXrnPwpR8Ivdw==",
      "license": "MIT",
      "dependencies": {
        "cluster-key-slot": "1.1.2"
      },
      "engines": {
        "node": ">= 20.0.0"
      },
      "peerDependencies": {
        "@node-rs/xxhash": "^1.1.0",
        "@opentelemetry/api": ">=1 <2"
      },
      "peerDependenciesMeta": {
        "@node-rs/xxhash": {
          "optional": true
        },
        "@opentelemetry/api": {
          "optional": true
        }
      }
    },
    "node_modules/redis/node_modules/@redis/json": {
      "version": "6.2.0",
      "resolved": "https://registry.npmjs.org/@redis/json/-/json-6.2.0.tgz",
      "integrity": "sha512-oweO7PfHWYXkgVT88K+Fm3Wx98lKYKAEXaH162gVbw1kmBOBVQHxw0Yjh1p6BYBUIQMHqLyWwYe99eK7/hD1VQ==",
      "license": "MIT",
      "engines": {
        "node": ">= 20.0.0"
      },
      "peerDependencies": {
        "@redis/client": "^6.2.0"
      }
    },
    "node_modules/redis/node_modules/@redis/search": {
      "version": "6.2.0",
      "resolved": "https://registry.npmjs.org/@redis/search/-/search-6.2.0.tgz",
      "integrity": "sha512-chLEQfalFW3+uCPE99XoIOZhcQ3eF7S3fGxgiiaPf6MMrOZHEiTvgMnXR4xXZX0yDecyoWjGYlQQKTYag/ZExg==",
      "license": "MIT",
      "engines": {
        "node": ">= 20.0.0"
      },
      "peerDependencies": {
        "@redis/client": "^6.2.0"
      }
    },
    "node_modules/redis/node_modules/@redis/time-series": {
      "version": "6.2.0",
      "resolved": "https://registry.npmjs.org/@redis/time-series/-/time-series-6.2.0.tgz",
      "integrity": "sha512-/H/eE/lnhZLZYpHGpI+ZN7TePb7isEaub8b07oQcTDQptPslVKdUFwNhUm+hQHks781oh+F1Leiip1WHh4HfWw==",
      "license": "MIT",
      "engines": {
        "node": ">= 20.0.0"
      },
      "peerDependencies": {
        "@redis/client": "^6.2.0"
      }
    },
    "node_modules/ws": {
      "version": "8.21.0",
      "resolved": "https://registry.npmjs.org/ws/-/ws-8.21.0.tgz",
      "integrity": "sha512-Vsp28b7DRcimFQvrqu2Wek3z1iYxDCWqHYB8Qsnk/S4RfaCQzPGPyBNuVjJV3cd6UiKtUtp6sNM77gWvzcCH+g==",
      "license": "MIT",
      "engines": {
        "node": ">=10.0.0"
      },
      "peerDependencies": {
        "bufferutil": "^4.0.1",
        "utf-8-validate": ">=5.0.2"
      },
      "peerDependenciesMeta": {
        "bufferutil": {
          "optional": true
        },
        "utf-8-validate": {
          "optional": true
        }
      }
    }
  }
}
