{
  "name": "st-universe-core-realtime",
  "lockfileVersion": 3,
  "requires": true,
  "packages": {
    "": {
      "name": "st-universe-core-realtime",
      "dependencies": {
        "redis": "^6.0.0",
        "ws": "^8.18.0"
      }
    },
    "node_modules/@redis/bloom": {
      "version": "6.3.0",
      "resolved": "https://registry.npmjs.org/@redis/bloom/-/bloom-6.3.0.tgz",
      "integrity": "sha512-NQ5poYpZr0jv6zazN1cy6JY5kIipKFZ3R9GTL4kOUTX3a9YAfY29U8bsE4lWhVQEM+G4V0BXVC57mubIdDijeA==",
      "license": "MIT",
      "engines": {
        "node": ">= 20.0.0"
      },
      "peerDependencies": {
        "@redis/client": "^6.3.0"
      }
    },
    "node_modules/@redis/client": {
      "version": "6.3.0",
      "resolved": "https://registry.npmjs.org/@redis/client/-/client-6.3.0.tgz",
      "integrity": "sha512-fHrjwGCBvAANGi+TuRuwKi83sIOzgHr8eh+Uf48w3fSX7Hhrz174NrWqfJhAC2vnN0d/tfaZpdr6+o6JC3QHwg==",
      "license": "MIT",
      "engines": {
        "node": ">= 20.0.0"
      },
      "peerDependencies": {
        "@node-rs/xxhash": "^1.1.0",
        "@opentelemetry/api": ">=1 <2"
      },
      "peerDependenciesMeta": {
        "@node-rs/xxhash": {
          "optional": true
        },
        "@opentelemetry/api": {
          "optional": true
        }
      }
    },
    "node_modules/@redis/json": {
      "version": "6.3.0",
      "resolved": "https://registry.npmjs.org/@redis/json/-/json-6.3.0.tgz",
      "integrity": "sha512-yt6vRfPBXtW/3qm53cF81TSQpLMjWdW4/2E9WQ2GgbvsKkuCKCFQIcMiKlil1ZMnezK+IQuS795xKU5psbaegw==",
      "license": "MIT",
      "engines": {
        "node": ">= 20.0.0"
      },
      "peerDependencies": {
        "@redis/client": "^6.3.0"
      }
    },
    "node_modules/@redis/search": {
      "version": "6.3.0",
      "resolved": "https://registry.npmjs.org/@redis/search/-/search-6.3.0.tgz",
      "integrity": "sha512-RPXAZmKjZZG7Tm7m1w9keFdXzbL91PiSHQBfQRe9xwW40jNsTRbG0FwhIz4QlHPU4gKDAsCy8IQHj4yZl4H9rw==",
      "license": "MIT",
      "engines": {
        "node": ">= 20.0.0"
      },
      "peerDependencies": {
        "@redis/client": "^6.3.0"
      }
    },
    "node_modules/@redis/time-series": {
      "version": "6.3.0",
      "resolved": "https://registry.npmjs.org/@redis/time-series/-/time-series-6.3.0.tgz",
      "integrity": "sha512-+fJOB8mN1z5WRakCJNh5lVdz1KqvHGSOistsKeitD24QsCtPwyRQXWC0iq6T/i/ubLE/YcguZqPm8F598MKk4A==",
      "license": "MIT",
      "engines": {
        "node": ">= 20.0.0"
      },
      "peerDependencies": {
        "@redis/client": "^6.3.0"
      }
    },
    "node_modules/redis": {
      "version": "6.3.0",
      "resolved": "https://registry.npmjs.org/redis/-/redis-6.3.0.tgz",
      "integrity": "sha512-XFQbPie1lGpKeUZ8ySYY43yLnQy/iIQtHNvIr/1XdaABpb96rUSdm3Mfl+98FEVbv9ZJIzINMno5s0Nh8E5LEw==",
      "license": "MIT",
      "dependencies": {
        "@redis/bloom": "6.3.0",
        "@redis/client": "6.3.0",
        "@redis/json": "6.3.0",
        "@redis/search": "6.3.0",
        "@redis/time-series": "6.3.0"
      },
      "engines": {
        "node": ">= 20.0.0"
      }
    },
    "node_modules/ws": {
      "version": "8.22.0",
      "resolved": "https://registry.npmjs.org/ws/-/ws-8.22.0.tgz",
      "integrity": "sha512-Ydggc987+RO0AnWtZ/7Wq9FtNvcrL1b/RO0ud9mWjUPgDrsAAwQSF51sm2hm1XofbU/4jkpGEsLFsZZxU+1DOg==",
      "license": "MIT",
      "engines": {
        "node": ">=10.0.0"
      },
      "peerDependencies": {
        "bufferutil": "^4.0.1",
        "utf-8-validate": ">=5.0.2"
      },
      "peerDependenciesMeta": {
        "bufferutil": {
          "optional": true
        },
        "utf-8-validate": {
          "optional": true
        }
      }
    }
  }
}
